{
  "version": 4,
  "terraform_version": "1.13.3",
  "serial": 1,
  "lineage": "38e898ac-f60b-03d4-c171-0726d7a7a024",
  "outputs": {
    "aks_name": {
      "value": "parcial-aks",
      "type": "string"
    },
    "resource_group": {
      "value": "parcial-rg",
      "type": "string"
    }
  },
  "resources": [
    {
      "mode": "managed",
      "type": "azurerm_resource_group",
      "name": "rg",
      "provider": "provider[\"registry.terraform.io/hashicorp/azurerm\"]",
      "instances": [
        {
          "schema_version": 0,
          "attributes": {
            "id": "/subscriptions/d51fe31d-89a4-419b-87fd-48b8f20f16bb/resourceGroups/parcial-rg",
            "location": "eastus",
            "managed_by": "",
            "name": "parcial-rg",
            "tags": null,
            "timeouts": null
          },
          "sensitive_attributes": [],
          "identity_schema_version": 0,
          "private": "eyJlMmJmYjczMC1lY2FhLTExZTYtOGY4OC0zNDM2M2JjN2M0YzAiOnsiY3JlYXRlIjo1NDAwMDAwMDAwMDAwLCJkZWxldGUiOjU0MDAwMDAwMDAwMDAsInJlYWQiOjMwMDAwMDAwMDAwMCwidXBkYXRlIjo1NDAwMDAwMDAwMDAwfX0="
        }
      ]
    }
  ],
  "check_results": null
}
